
Microsoft Visual Studio Solution File, Format Version 12.00
# Visual Studio Version 17
VisualStudioVersion = 17.8.34322.80
MinimumVisualStudioVersion = 10.0.40219.1
Project("{9A19103F-16F7-4668-BE54-9A1E7A4F7556}") = "Movies", "Movies\Movies.csproj", "{873EF46A-4C80-424D-8422-FDFDF515C41E}"
EndProject
Project("{9A19103F-16F7-4668-BE54-9A1E7A4F7556}") = "MoviesLibrary", "MoviesLibrary\MoviesLibrary.csproj", "{47242940-404D-460B-94F7-E5F60C50C4DB}"
EndProject
Project("{9A19103F-16F7-4668-BE54-9A1E7A4F7556}") = "AccountAPI", "AccountAPI\AccountAPI.csproj", "{396183BD-C05E-4634-A8D3-1119AE3236C9}"
EndProject
Project("{FAE04EC0-301F-11D3-BF4B-00C04F79EFBC}") = "DataBase", "DataBase\DataBase.csproj", "{A7ECDC0B-5446-4418-9E06-59712DC7F7D5}"
EndProject
Project("{2150E333-8FDC-42A3-9474-1A3956D46DE8}") = "Account", "Account", "{D7F7BC7D-74B6-43EC-B9A4-FE00237368EB}"
EndProject
Project("{2150E333-8FDC-42A3-9474-1A3956D46DE8}") = "Database And Files", "Database And Files", "{94D8EF0C-08E4-42CB-8EFC-AA513FB97481}"
EndProject
Project("{2150E333-8FDC-42A3-9474-1A3956D46DE8}") = "Main", "Main", "{7B320E1F-F9FF-4452-BD94-8C126A951986}"
EndProject
Project("{2150E333-8FDC-42A3-9474-1A3956D46DE8}") = "Movies", "Movies", "{B089D5E2-BB32-41BD-9A10-BD157D60259A}"
EndProject
Global
	GlobalSection(SolutionConfigurationPlatforms) = preSolution
		Debug|Any CPU = Debug|Any CPU
		Release|Any CPU = Release|Any CPU
	EndGlobalSection
	GlobalSection(ProjectConfigurationPlatforms) = postSolution
		{873EF46A-4C80-424D-8422-FDFDF515C41E}.Debug|Any CPU.ActiveCfg = Debug|Any CPU
		{873EF46A-4C80-424D-8422-FDFDF515C41E}.Debug|Any CPU.Build.0 = Debug|Any CPU
		{873EF46A-4C80-424D-8422-FDFDF515C41E}.Release|Any CPU.ActiveCfg = Release|Any CPU
		{873EF46A-4C80-424D-8422-FDFDF515C41E}.Release|Any CPU.Build.0 = Release|Any CPU
		{47242940-404D-460B-94F7-E5F60C50C4DB}.Debug|Any CPU.ActiveCfg = Debug|Any CPU
		{47242940-404D-460B-94F7-E5F60C50C4DB}.Debug|Any CPU.Build.0 = Debug|Any CPU
		{47242940-404D-460B-94F7-E5F60C50C4DB}.Release|Any CPU.ActiveCfg = Release|Any CPU
		{47242940-404D-460B-94F7-E5F60C50C4DB}.Release|Any CPU.Build.0 = Release|Any CPU
		{396183BD-C05E-4634-A8D3-1119AE3236C9}.Debug|Any CPU.ActiveCfg = Debug|Any CPU
		{396183BD-C05E-4634-A8D3-1119AE3236C9}.Debug|Any CPU.Build.0 = Debug|Any CPU
		{396183BD-C05E-4634-A8D3-1119AE3236C9}.Release|Any CPU.ActiveCfg = Release|Any CPU
		{396183BD-C05E-4634-A8D3-1119AE3236C9}.Release|Any CPU.Build.0 = Release|Any CPU
		{A7ECDC0B-5446-4418-9E06-59712DC7F7D5}.Debug|Any CPU.ActiveCfg = Debug|Any CPU
		{A7ECDC0B-5446-4418-9E06-59712DC7F7D5}.Debug|Any CPU.Build.0 = Debug|Any CPU
		{A7ECDC0B-5446-4418-9E06-59712DC7F7D5}.Release|Any CPU.ActiveCfg = Release|Any CPU
		{A7ECDC0B-5446-4418-9E06-59712DC7F7D5}.Release|Any CPU.Build.0 = Release|Any CPU
	EndGlobalSection
	GlobalSection(SolutionProperties) = preSolution
		HideSolutionNode = FALSE
	EndGlobalSection
	GlobalSection(NestedProjects) = preSolution
		{873EF46A-4C80-424D-8422-FDFDF515C41E} = {7B320E1F-F9FF-4452-BD94-8C126A951986}
		{47242940-404D-460B-94F7-E5F60C50C4DB} = {B089D5E2-BB32-41BD-9A10-BD157D60259A}
		{396183BD-C05E-4634-A8D3-1119AE3236C9} = {D7F7BC7D-74B6-43EC-B9A4-FE00237368EB}
		{A7ECDC0B-5446-4418-9E06-59712DC7F7D5} = {94D8EF0C-08E4-42CB-8EFC-AA513FB97481}
	EndGlobalSection
	GlobalSection(ExtensibilityGlobals) = postSolution
		SolutionGuid = {1EE88155-65D0-41CA-A923-15B023A68CE1}
	EndGlobalSection
EndGlobal
